// !$*UTF8*$!
{
	archiveVersion = 1;
	classes = {
	};
	objectVersion = 50;
	objects = {

/* Begin PBXBuildFile section */
		1020EF92253A34FB00938AAE /* AppDelegate.swift in Sources */ = {isa = PBXBuildFile; fileRef = 1020EF91253A34FB00938AAE /* AppDelegate.swift */; };
		1020EF94253A34FB00938AAE /* SceneDelegate.swift in Sources */ = {isa = PBXBuildFile; fileRef = 1020EF93253A34FB00938AAE /* SceneDelegate.swift */; };
		1020EF96253A34FB00938AAE /* ViewController.swift in Sources */ = {isa = PBXBuildFile; fileRef = 1020EF95253A34FB00938AAE /* ViewController.swift */; };
		1020EF99253A34FB00938AAE /* Main.storyboard in Resources */ = {isa = PBXBuildFile; fileRef = 1020EF97253A34FB00938AAE /* Main.storyboard */; };
		1020EF9B253A34FD00938AAE /* Assets.xcassets in Resources */ = {isa = PBXBuildFile; fileRef = 1020EF9A253A34FD00938AAE /* Assets.xcassets */; };
		1020EF9E253A34FD00938AAE /* LaunchScreen.storyboard in Resources */ = {isa = PBXBuildFile; fileRef = 1020EF9C253A34FD00938AAE /* LaunchScreen.storyboard */; };
		1020EFA9253A34FE00938AAE /* TicTacToeTests.swift in Sources */ = {isa = PBXBuildFile; fileRef = 1020EFA8253A34FE00938AAE /* TicTacToeTests.swift */; };
		1020EFB4253A34FE00938AAE /* TicTacToeUITests.swift in Sources */ = {isa = PBXBuildFile; fileRef = 1020EFB3253A34FE00938AAE /* TicTacToeUITests.swift */; };
/* End PBXBuildFile section */

/* Begin PBXContainerItemProxy section */
		1020EFA5253A34FE00938AAE /* PBXContainerItemProxy */ = {
			isa = PBXContainerItemProxy;
			containerPortal = 1020EF86253A34FB00938AAE /* Project object */;
			proxyType = 1;
			remoteGlobalIDString = 1020EF8D253A34FB00938AAE;
			remoteInfo = TicTacToe;
		};
		1020EFB0253A34FE00938AAE /* PBXContainerItemProxy */ = {
			isa = PBXContainerItemProxy;
			containerPortal = 1020EF86253A34FB00938AAE /* Project object */;
			proxyType = 1;
			remoteGlobalIDString = 1020EF8D253A34FB00938AAE;
			remoteInfo = TicTacToe;
		};
/* End PBXContainerItemProxy section */

/* Begin PBXFileReference section */
		1020EF8E253A34FB00938AAE /* TicTacToe.app */ = {isa = PBXFileReference; explicitFileType = wrapper.application; includeInIndex = 0; path = TicTacToe.app; sourceTree = BUILT_PRODUCTS_DIR; };
		1020EF91253A34FB00938AAE /* AppDelegate.swift */ = {isa = PBXFileReference; lastKnownFileType = sourcecode.swift; path = AppDelegate.swift; sourceTree = "<group>"; };
		1020EF93253A34FB00938AAE /* SceneDelegate.swift */ = {isa = PBXFileReference; lastKnownFileType = sourcecode.swift; path = SceneDelegate.swift; sourceTree = "<group>"; };
		1020EF95253A34FB00938AAE /* ViewController.swift */ = {isa = PBXFileReference; lastKnownFileType = sourcecode.swift; path = ViewController.swift; sourceTree = "<group>"; };
		1020EF98253A34FB00938AAE /* Base */ = {isa = PBXFileReference; lastKnownFileType = file.storyboard; name = Base; path = Base.lproj/Main.storyboard; sourceTree = "<group>"; };
		1020EF9A253A34FD00938AAE /* Assets.xcassets */ = {isa = PBXFileReference; lastKnownFileType = folder.assetcatalog; path = Assets.xcassets; sourceTree = "<group>"; };
		1020EF9D253A34FD00938AAE /* Base */ = {isa = PBXFileReference; lastKnownFileType = file.storyboard; name = Base; path = Base.lproj/LaunchScreen.storyboard; sourceTree = "<group>"; };
		1020EF9F253A34FD00938AAE /* Info.plist */ = {isa = PBXFileReference; lastKnownFileType = text.plist.xml; path = Info.plist; sourceTree = "<group>"; };
		1020EFA4253A34FE00938AAE /* TicTacToeTests.xctest */ = {isa = PBXFileReference; explicitFileType = wrapper.cfbundle; includeInIndex = 0; path = TicTacToeTests.xctest; sourceTree = BUILT_PRODUCTS_DIR; };
		1020EFA8253A34FE00938AAE /* TicTacToeTests.swift */ = {isa = PBXFileReference; lastKnownFileType = sourcecode.swift; path = TicTacToeTests.swift; sourceTree = "<group>"; };
		1020EFAA253A34FE00938AAE /* Info.plist */ = {isa = PBXFileReference; lastKnownFileType = text.plist.xml; path = Info.plist; sourceTree = "<group>"; };
		1020EFAF253A34FE00938AAE /* TicTacToeUITests.xctest */ = {isa = PBXFileReference; explicitFileType = wrapper.cfbundle; includeInIndex = 0; path = TicTacToeUITests.xctest; sourceTree = BUILT_PRODUCTS_DIR; };
		1020EFB3253A34FE00938AAE /* TicTacToeUITests.swift */ = {isa = PBXFileReference; lastKnownFileType = sourcecode.swift; path = TicTacToeUITests.swift; sourceTree = "<group>"; };
		1020EFB5253A34FE00938AAE /* Info.plist */ = {isa = PBXFileReference; lastKnownFileType = text.plist.xml; path = Info.plist; sourceTree = "<group>"; };
/* End PBXFileReference section */

/* Begin PBXFrameworksBuildPhase section */
		1020EF8B253A34FB00938AAE /* Frameworks */ = {
			isa = PBXFrameworksBuildPhase;
			buildActionMask = 2147483647;
			files = (
			);
			runOnlyForDeploymentPostprocessing = 0;
		};
		1020EFA1253A34FE00938AAE /* Frameworks */ = {
			isa = PBXFrameworksBuildPhase;
			buildActionMask = 2147483647;
			files = (
			);
			runOnlyForDeploymentPostprocessing = 0;
		};
		1020EFAC253A34FE00938AAE /* Frameworks */ = {
			isa = PBXFrameworksBuildPhase;
			buildActionMask = 2147483647;
			files = (
			);
			runOnlyForDeploymentPostprocessing = 0;
		};
/* End PBXFrameworksBuildPhase section */

/* Begin PBXGroup section */
		1020EF85253A34FB00938AAE = {
			isa = PBXGroup;
			children = (
				1020EF90253A34FB00938AAE /* TicTacToe */,
				1020EFA7253A34FE00938AAE /* TicTacToeTests */,
				1020EFB2253A34FE00938AAE /* TicTacToeUITests */,
				1020EF8F253A34FB00938AAE /* Products */,
			);
			sourceTree = "<group>";
		};
		1020EF8F253A34FB00938AAE /* Products */ = {
			isa = PBXGroup;
			children = (
				1020EF8E253A34FB00938AAE /* TicTacToe.app */,
				1020EFA4253A34FE00938AAE /* TicTacToeTests.xctest */,
				1020EFAF253A34FE00938AAE /* TicTacToeUITests.xctest */,
			);
			name = Products;
			sourceTree = "<group>";
		};
		1020EF90253A34FB00938AAE /* TicTacToe */ = {
			isa = PBXGroup;
			children = (
				1020EF91253A34FB00938AAE /* AppDelegate.swift */,
				1020EF93253A34FB00938AAE /* SceneDelegate.swift */,
				1020EF95253A34FB00938AAE /* ViewController.swift */,
				1020EF97253A34FB00938AAE /* Main.storyboard */,
				1020EF9A253A34FD00938AAE /* Assets.xcassets */,
				1020EF9C253A34FD00938AAE /* LaunchScreen.storyboard */,
				1020EF9F253A34FD00938AAE /* Info.plist */,
			);
			path = TicTacToe;
			sourceTree = "<group>";
		};
		1020EFA7253A34FE00938AAE /* TicTacToeTests */ = {
			isa = PBXGroup;
			children = (
				1020EFA8253A34FE00938AAE /* TicTacToeTests.swift */,
				1020EFAA253A34FE00938AAE /* Info.plist */,
			);
			path = TicTacToeTests;
			sourceTree = "<group>";
		};
		1020EFB2253A34FE00938AAE /* TicTacToeUITests */ = {
			isa = PBXGroup;
			children = (
				1020EFB3253A34FE00938AAE /* TicTacToeUITests.swift */,
				1020EFB5253A34FE00938AAE /* Info.plist */,
			);
			path = TicTacToeUITests;
			sourceTree = "<group>";
		};
/* End PBXGroup section */

/* Begin PBXNativeTarget section */
		1020EF8D253A34FB00938AAE /* TicTacToe */ = {
			isa = PBXNativeTarget;
			buildConfigurationList = 1020EFB8253A34FE00938AAE /* Build configuration list for PBXNativeTarget "TicTacToe" */;
			buildPhases = (
				1020EF8A253A34FB00938AAE /* Sources */,
				1020EF8B253A34FB00938AAE /* Frameworks */,
				1020EF8C253A34FB00938AAE /* Resources */,
			);
			buildRules = (
			);
			dependencies = (
			);
			name = TicTacToe;
			productName = TicTacToe;
			productReference = 1020EF8E253A34FB00938AAE /* TicTacToe.app */;
			productType = "com.apple.product-type.application";
		};
		1020EFA3253A34FE00938AAE /* TicTacToeTests */ = {
			isa = PBXNativeTarget;
			buildConfigurationList = 1020EFBB253A34FE00938AAE /* Build configuration list for PBXNativeTarget "TicTacToeTests" */;
			buildPhases = (
				1020EFA0253A34FE00938AAE /* Sources */,
				1020EFA1253A34FE00938AAE /* Frameworks */,
				1020EFA2253A34FE00938AAE /* Resources */,
			);
			buildRules = (
			);
			dependencies = (
				1020EFA6253A34FE00938AAE /* PBXTargetDependency */,
			);
			name = TicTacToeTests;
			productName = TicTacToeTests;
			productReference = 1020EFA4253A34FE00938AAE /* TicTacToeTests.xctest */;
			productType = "com.apple.product-type.bundle.unit-test";
		};
		1020EFAE253A34FE00938AAE /* TicTacToeUITests */ = {
			isa = PBXNativeTarget;
			buildConfigurationList = 1020EFBE253A34FE00938AAE /* Build configuration list for PBXNativeTarget "TicTacToeUITests" */;
			buildPhases = (
				1020EFAB253A34FE00938AAE /* Sources */,
				1020EFAC253A34FE00938AAE /* Frameworks */,
				1020EFAD253A34FE00938AAE /* Resources */,
			);
			buildRules = (
			);
			dependencies = (
				1020EFB1253A34FE00938AAE /* PBXTargetDependency */,
			);
			name = TicTacToeUITests;
			productName = TicTacToeUITests;
			productReference = 1020EFAF253A34FE00938AAE /* TicTacToeUITests.xctest */;
			productType = "com.apple.product-type.bundle.ui-testing";
		};
/* End PBXNativeTarget section */

/* Begin PBXProject section */
		1020EF86253A34FB00938AAE /* Project object */ = {
			isa = PBXProject;
			attributes = {
				LastSwiftUpdateCheck = 1200;
				LastUpgradeCheck = 1200;
				TargetAttributes = {
					1020EF8D253A34FB00938AAE = {
						CreatedOnToolsVersion = 12.0.1;
					};
					1020EFA3253A34FE00938AAE = {
						CreatedOnToolsVersion = 12.0.1;
						TestTargetID = 1020EF8D253A34FB00938AAE;
					};
					1020EFAE253A34FE00938AAE = {
						CreatedOnToolsVersion = 12.0.1;
						TestTargetID = 1020EF8D253A34FB00938AAE;
					};
				};
			};
			buildConfigurationList = 1020EF89253A34FB00938AAE /* Build configuration list for PBXProject "TicTacToe" */;
			compatibilityVersion = "Xcode 9.3";
			developmentRegion = en;
			hasScannedForEncodings = 0;
			knownRegions = (
				en,
				Base,
			);
			mainGroup = 1020EF85253A34FB00938AAE;
			productRefGroup = 1020EF8F253A34FB00938AAE /* Products */;
			projectDirPath = "";
			projectRoot = "";
			targets = (
				1020EF8D253A34FB00938AAE /* TicTacToe */,
				1020EFA3253A34FE00938AAE /* TicTacToeTests */,
				1020EFAE253A34FE00938AAE /* TicTacToeUITests */,
			);
		};
/* End PBXProject section */

/* Begin PBXResourcesBuildPhase section */
		1020EF8C253A34FB00938AAE /* Resources */ = {
			isa = PBXResourcesBuildPhase;
			buildActionMask = 2147483647;
			files = (
				1020EF9E253A34FD00938AAE /* LaunchScreen.storyboard in Resources */,
				1020EF9B253A34FD00938AAE /* Assets.xcassets in Resources */,
				1020EF99253A34FB00938AAE /* Main.storyboard in Resources */,
			);
			runOnlyForDeploymentPostprocessing = 0;
		};
		1020EFA2253A34FE00938AAE /* Resources */ = {
			isa = PBXResourcesBuildPhase;
			buildActionMask = 2147483647;
			files = (
			);
			runOnlyForDeploymentPostprocessing = 0;
		};
		1020EFAD253A34FE00938AAE /* Resources */ = {
			isa = PBXResourcesBuildPhase;
			buildActionMask = 2147483647;
			files = (
			);
			runOnlyForDeploymentPostprocessing = 0;
		};
/* End PBXResourcesBuildPhase section */

/* Begin PBXSourcesBuildPhase section */
		1020EF8A253A34FB00938AAE /* Sources */ = {
			isa = PBXSourcesBuildPhase;
			buildActionMask = 2147483647;
			files = (
				1020EF96253A34FB00938AAE /* ViewController.swift in Sources */,
				1020EF92253A34FB00938AAE /* AppDelegate.swift in Sources */,
				1020EF94253A34FB00938AAE /* SceneDelegate.swift in Sources */,
			);
			runOnlyForDeploymentPostprocessing = 0;
		};
		1020EFA0253A34FE00938AAE /* Sources */ = {
			isa = PBXSourcesBuildPhase;
			buildActionMask = 2147483647;
			files = (
				1020EFA9253A34FE00938AAE /* TicTacToeTests.swift in Sources */,
			);
			runOnlyForDeploymentPostprocessing = 0;
		};
		1020EFAB253A34FE00938AAE /* Sources */ = {
			isa = PBXSourcesBuildPhase;
			buildActionMask = 2147483647;
			files = (
				1020EFB4253A34FE00938AAE /* TicTacToeUITests.swift in Sources */,
			);
			runOnlyForDeploymentPostprocessing = 0;
		};
/* End PBXSourcesBuildPhase section */

/* Begin PBXTargetDependency section */
		1020EFA6253A34FE00938AAE /* PBXTargetDependency */ = {
			isa = PBXTargetDependency;
			target = 1020EF8D253A34FB00938AAE /* TicTacToe */;
			targetProxy = 1020EFA5253A34FE00938AAE /* PBXContainerItemProxy */;
		};
		1020EFB1253A34FE00938AAE /* PBXTargetDependency */ = {
			isa = PBXTargetDependency;
			target = 1020EF8D253A34FB00938AAE /* TicTacToe */;
			targetProxy = 1020EFB0253A34FE00938AAE /* PBXContainerItemProxy */;
		};
/* End PBXTargetDependency section */

/* Begin PBXVariantGroup section */
		1020EF97253A34FB00938AAE /* Main.storyboard */ = {
			isa = PBXVariantGroup;
			children = (
				1020EF98253A34FB00938AAE /* Base */,
			);
			name = Main.storyboard;
			sourceTree = "<group>";
		};
		1020EF9C253A34FD00938AAE /* LaunchScreen.storyboard */ = {
			isa = PBXVariantGroup;
			children = (
				1020EF9D253A34FD00938AAE /* Base */,
			);
			name = LaunchScreen.storyboard;
			sourceTree = "<group>";
		};
/* End PBXVariantGroup section */

/* Begin XCBuildConfiguration section */
		1020EFB6253A34FE00938AAE /* Debug */ = {
			isa = XCBuildConfiguration;
			buildSettings = {
				ALWAYS_SEARCH_USER_PATHS = NO;
				CLANG_ANALYZER_NONNULL = YES;
				CLANG_ANALYZER_NUMBER_OBJECT_CONVERSION = YES_AGGRESSIVE;
				CLANG_CXX_LANGUAGE_STANDARD = "gnu++14";
				CLANG_CXX_LIBRARY = "libc++";
				CLANG_ENABLE_MODULES = YES;
				CLANG_ENABLE_OBJC_ARC = YES;
				CLANG_ENABLE_OBJC_WEAK = YES;
				CLANG_WARN_BLOCK_CAPTURE_AUTORELEASING = YES;
				CLANG_WARN_BOOL_CONVERSION = YES;
				CLANG_WARN_COMMA = YES;
				CLANG_WARN_CONSTANT_CONVERSION = YES;
				CLANG_WARN_DEPRECATED_OBJC_IMPLEMENTATIONS = YES;
				CLANG_WARN_DIRECT_OBJC_ISA_USAGE = YES_ERROR;
				CLANG_WARN_DOCUMENTATION_COMMENTS = YES;
				CLANG_WARN_EMPTY_BODY = YES;
				CLANG_WARN_ENUM_CONVERSION = YES;
				CLANG_WARN_INFINITE_RECURSION = YES;
				CLANG_WARN_INT_CONVERSION = YES;
				CLANG_WARN_NON_LITERAL_NULL_CONVERSION = YES;
				CLANG_WARN_OBJC_IMPLICIT_RETAIN_SELF = YES;
				CLANG_WARN_OBJC_LITERAL_CONVERSION = YES;
				CLANG_WARN_OBJC_ROOT_CLASS = YES_ERROR;
				CLANG_WARN_QUOTED_INCLUDE_IN_FRAMEWORK_HEADER = YES;
				CLANG_WARN_RANGE_LOOP_ANALYSIS = YES;
				CLANG_WARN_STRICT_PROTOTYPES = YES;
				CLANG_WARN_SUSPICIOUS_MOVE = YES;
				CLANG_WARN_UNGUARDED_AVAILABILITY = YES_AGGRESSIVE;
				CLANG_WARN_UNREACHABLE_CODE = YES;
				CLANG_WARN__DUPLICATE_METHOD_MATCH = YES;
				COPY_PHASE_STRIP = NO;
				DEBUG_INFORMATION_FORMAT = dwarf;
				ENABLE_STRICT_OBJC_MSGSEND = YES;
				ENABLE_TESTABILITY = YES;
				GCC_C_LANGUAGE_STANDARD = gnu11;
				GCC_DYNAMIC_NO_PIC = NO;
				GCC_NO_COMMON_BLOCKS = YES;
				GCC_OPTIMIZATION_LEVEL = 0;
				GCC_PREPROCESSOR_DEFINITIONS = (
					"DEBUG=1",
					"$(inherited)",
				);
				GCC_WARN_64_TO_32_BIT_CONVERSION = YES;
				GCC_WARN_ABOUT_RETURN_TYPE = YES_ERROR;
				GCC_WARN_UNDECLARED_SELECTOR = YES;
				GCC_WARN_UNINITIALIZED_AUTOS = YES_AGGRESSIVE;
				GCC_WARN_UNUSED_FUNCTION = YES;
				GCC_WARN_UNUSED_VARIABLE = YES;
				IPHONEOS_DEPLOYMENT_TARGET = 14.0;
				MTL_ENABLE_DEBUG_INFO = INCLUDE_SOURCE;
				MTL_FAST_MATH = YES;
				ONLY_ACTIVE_ARCH = YES;
				SDKROOT = iphoneos;
				SWIFT_ACTIVE_COMPILATION_CONDITIONS = DEBUG;
				SWIFT_OPTIMIZATION_LEVEL = "-Onone";
			};
			name = Debug;
		};
		1020EFB7253A34FE00938AAE /* Release */ = {
			isa = XCBuildConfiguration;
			buildSettings = {
				ALWAYS_SEARCH_USER_PATHS = NO;
				CLANG_ANALYZER_NONNULL = YES;
				CLANG_ANALYZER_NUMBER_OBJECT_CONVERSION = YES_AGGRESSIVE;
				CLANG_CXX_LANGUAGE_STANDARD = "gnu++14";
				CLANG_CXX_LIBRARY = "libc++";
				CLANG_ENABLE_MODULES = YES;
				CLANG_ENABLE_OBJC_ARC = YES;
				CLANG_ENABLE_OBJC_WEAK = YES;
				CLANG_WARN_BLOCK_CAPTURE_AUTORELEASING = YES;
				CLANG_WARN_BOOL_CONVERSION = YES;
				CLANG_WARN_COMMA = YES;
				CLANG_WARN_CONSTANT_CONVERSION = YES;
				CLANG_WARN_DEPRECATED_OBJC_IMPLEMENTATIONS = YES;
				CLANG_WARN_DIRECT_OBJC_ISA_USAGE = YES_ERROR;
				CLANG_WARN_DOCUMENTATION_COMMENTS = YES;
				CLANG_WARN_EMPTY_BODY = YES;
				CLANG_WARN_ENUM_CONVERSION = YES;
				CLANG_WARN_INFINITE_RECURSION = YES;
				CLANG_WARN_INT_CONVERSION = YES;
				CLANG_WARN_NON_LITERAL_NULL_CONVERSION = YES;
				CLANG_WARN_OBJC_IMPLICIT_RETAIN_SELF = YES;
				CLANG_WARN_OBJC_LITERAL_CONVERSION = YES;
				CLANG_WARN_OBJC_ROOT_CLASS = YES_ERROR;
				CLANG_WARN_QUOTED_INCLUDE_IN_FRAMEWORK_HEADER = YES;
				CLANG_WARN_RANGE_LOOP_ANALYSIS = YES;
				CLANG_WARN_STRICT_PROTOTYPES = YES;
				CLANG_WARN_SUSPICIOUS_MOVE = YES;
				CLANG_WARN_UNGUARDED_AVAILABILITY = YES_AGGRESSIVE;
				CLANG_WARN_UNREACHABLE_CODE = YES;
				CLANG_WARN__DUPLICATE_METHOD_MATCH = YES;
				COPY_PHASE_STRIP = NO;
				DEBUG_INFORMATION_FORMAT = "dwarf-with-dsym";
				ENABLE_NS_ASSERTIONS = NO;
				ENABLE_STRICT_OBJC_MSGSEND = YES;
				GCC_C_LANGUAGE_STANDARD = gnu11;
				GCC_NO_COMMON_BLOCKS = YES;
				GCC_WARN_64_TO_32_BIT_CONVERSION = YES;
				GCC_WARN_ABOUT_RETURN_TYPE = YES_ERROR;
				GCC_WARN_UNDECLARED_SELECTOR = YES;
				GCC_WARN_UNINITIALIZED_AUTOS = YES_AGGRESSIVE;
				GCC_WARN_UNUSED_FUNCTION = YES;
				GCC_WARN_UNUSED_VARIABLE = YES;
				IPHONEOS_DEPLOYMENT_TARGET = 14.0;
				MTL_ENABLE_DEBUG_INFO = NO;
				MTL_FAST_MATH = YES;
				SDKROOT = iphoneos;
				SWIFT_COMPILATION_MODE = wholemodule;
				SWIFT_OPTIMIZATION_LEVEL = "-O";
				VALIDATE_PRODUCT = YES;
			};
			name = Release;
		};
		1020EFB9253A34FE00938AAE /* Debug */ = {
			isa = XCBuildConfiguration;
			buildSettings = {
				ASSETCATALOG_COMPILER_APPICON_NAME = AppIcon;
				ASSETCATALOG_COMPILER_GLOBAL_ACCENT_COLOR_NAME = AccentColor;
				CODE_SIGN_STYLE = Automatic;
				DEVELOPMENT_TEAM = 4GLADUN7NL;
				INFOPLIST_FILE = TicTacToe/Info.plist;
				LD_RUNPATH_SEARCH_PATHS = (
					"$(inherited)",
					"@executable_path/Frameworks",
				);
				PRODUCT_BUNDLE_IDENTIFIER = com.uvarma.TicTacToe;
				PRODUCT_NAME = "$(TARGET_NAME)";
				SWIFT_VERSION = 5.0;
				TARGETED_DEVICE_FAMILY = "1,2";
			};
			name = Debug;
		};
		1020EFBA253A34FE00938AAE /* Release */ = {
			isa = XCBuildConfiguration;
			buildSettings = {
				ASSETCATALOG_COMPILER_APPICON_NAME = AppIcon;
				ASSETCATALOG_COMPILER_GLOBAL_ACCENT_COLOR_NAME = AccentColor;
				CODE_SIGN_STYLE = Automatic;
				DEVELOPMENT_TEAM = 4GLADUN7NL;
				INFOPLIST_FILE = TicTacToe/Info.plist;
				LD_RUNPATH_SEARCH_PATHS = (
					"$(inherited)",
					"@executable_path/Frameworks",
				);
				PRODUCT_BUNDLE_IDENTIFIER = com.uvarma.TicTacToe;
				PRODUCT_NAME = "$(TARGET_NAME)";
				SWIFT_VERSION = 5.0;
				TARGETED_DEVICE_FAMILY = "1,2";
			};
			name = Release;
		};
		1020EFBC253A34FE00938AAE /* Debug */ = {
			isa = XCBuildConfiguration;
			buildSettings = {
				ALWAYS_EMBED_SWIFT_STANDARD_LIBRARIES = YES;
				BUNDLE_LOADER = "$(TEST_HOST)";
				CODE_SIGN_STYLE = Automatic;
				DEVELOPMENT_TEAM = 4GLADUN7NL;
				INFOPLIST_FILE = TicTacToeTests/Info.plist;
				IPHONEOS_DEPLOYMENT_TARGET = 14.0;
				LD_RUNPATH_SEARCH_PATHS = (
					"$(inherited)",
					"@executable_path/Frameworks",
					"@loader_path/Frameworks",
				);
				PRODUCT_BUNDLE_IDENTIFIER = com.uvarma.TicTacToeTests;
				PRODUCT_NAME = "$(TARGET_NAME)";
				SWIFT_VERSION = 5.0;
				TARGETED_DEVICE_FAMILY = "1,2";
				TEST_HOST = "$(BUILT_PRODUCTS_DIR)/TicTacToe.app/TicTacToe";
			};
			name = Debug;
		};
		1020EFBD253A34FE00938AAE /* Release */ = {
			isa = XCBuildConfiguration;
			buildSettings = {
				ALWAYS_EMBED_SWIFT_STANDARD_LIBRARIES = YES;
				BUNDLE_LOADER = "$(TEST_HOST)";
				CODE_SIGN_STYLE = Automatic;
				DEVELOPMENT_TEAM = 4GLADUN7NL;
				INFOPLIST_FILE = TicTacToeTests/Info.plist;
				IPHONEOS_DEPLOYMENT_TARGET = 14.0;
				LD_RUNPATH_SEARCH_PATHS = (
					"$(inherited)",
					"@executable_path/Frameworks",
					"@loader_path/Frameworks",
				);
				PRODUCT_BUNDLE_IDENTIFIER = com.uvarma.TicTacToeTests;
				PRODUCT_NAME = "$(TARGET_NAME)";
				SWIFT_VERSION = 5.0;
				TARGETED_DEVICE_FAMILY = "1,2";
				TEST_HOST = "$(BUILT_PRODUCTS_DIR)/TicTacToe.app/TicTacToe";
			};
			name = Release;
		};
		1020EFBF253A34FE00938AAE /* Debug */ = {
			isa = XCBuildConfiguration;
			buildSettings = {
				ALWAYS_EMBED_SWIFT_STANDARD_LIBRARIES = YES;
				CODE_SIGN_STYLE = Automatic;
				DEVELOPMENT_TEAM = 4GLADUN7NL;
				INFOPLIST_FILE = TicTacToeUITests/Info.plist;
				LD_RUNPATH_SEARCH_PATHS = (
					"$(inherited)",
					"@executable_path/Frameworks",
					"@loader_path/Frameworks",
				);
				PRODUCT_BUNDLE_IDENTIFIER = com.uvarma.TicTacToeUITests;
				PRODUCT_NAME = "$(TARGET_NAME)";
				SWIFT_VERSION = 5.0;
				TARGETED_DEVICE_FAMILY = "1,2";
				TEST_TARGET_NAME = TicTacToe;
			};
			name = Debug;
		};
		1020EFC0253A34FE00938AAE /* Release */ = {
			isa = XCBuildConfiguration;
			buildSettings = {
				ALWAYS_EMBED_SWIFT_STANDARD_LIBRARIES = YES;
				CODE_SIGN_STYLE = Automatic;
				DEVELOPMENT_TEAM = 4GLADUN7NL;
				INFOPLIST_FILE = TicTacToeUITests/Info.plist;
				LD_RUNPATH_SEARCH_PATHS = (
					"$(inherited)",
					"@executable_path/Frameworks",
					"@loader_path/Frameworks",
				);
				PRODUCT_BUNDLE_IDENTIFIER = com.uvarma.TicTacToeUITests;
				PRODUCT_NAME = "$(TARGET_NAME)";
				SWIFT_VERSION = 5.0;
				TARGETED_DEVICE_FAMILY = "1,2";
				TEST_TARGET_NAME = TicTacToe;
			};
			name = Release;
		};
/* End XCBuildConfiguration section */

/* Begin XCConfigurationList section */
		1020EF89253A34FB00938AAE /* Build configuration list for PBXProject "TicTacToe" */ = {
			isa = XCConfigurationList;
			buildConfigurations = (
				1020EFB6253A34FE00938AAE /* Debug */,
				1020EFB7253A34FE00938AAE /* Release */,
			);
			defaultConfigurationIsVisible = 0;
			defaultConfigurationName = Release;
		};
		1020EFB8253A34FE00938AAE /* Build configuration list for PBXNativeTarget "TicTacToe" */ = {
			isa = XCConfigurationList;
			buildConfigurations = (
				1020EFB9253A34FE00938AAE /* Debug */,
				1020EFBA253A34FE00938AAE /* Release */,
			);
			defaultConfigurationIsVisible = 0;
			defaultConfigurationName = Release;
		};
		1020EFBB253A34FE00938AAE /* Build configuration list for PBXNativeTarget "TicTacToeTests" */ = {
			isa = XCConfigurationList;
			buildConfigurations = (
				1020EFBC253A34FE00938AAE /* Debug */,
				1020EFBD253A34FE00938AAE /* Release */,
			);
			defaultConfigurationIsVisible = 0;
			defaultConfigurationName = Release;
		};
		1020EFBE253A34FE00938AAE /* Build configuration list for PBXNativeTarget "TicTacToeUITests" */ = {
			isa = XCConfigurationList;
			buildConfigurations = (
				1020EFBF253A34FE00938AAE /* Debug */,
				1020EFC0253A34FE00938AAE /* Release */,
			);
			defaultConfigurationIsVisible = 0;
			defaultConfigurationName = Release;
		};
/* End XCConfigurationList section */
	};
	rootObject = 1020EF86253A34FB00938AAE /* Project object */;
}
